
Microsoft Visual Studio Solution File, Format Version 12.00
# Visual Studio Version 17
VisualStudioVersion = 17.4.33103.184
MinimumVisualStudioVersion = 10.0.40219.1
Project("{FAE04EC0-301F-11D3-BF4B-00C04F79EFBC}") = "SchoolConsole", "SchoolConsole.csproj", "{56EC5D32-8916-410D-9D4F-79C363EF806D}"
EndProject
Global
	GlobalSection(SolutionConfigurationPlatforms) = preSolution
		Debug|Any CPU = Debug|Any CPU
		Release|Any CPU = Release|Any CPU
	EndGlobalSection
	GlobalSection(ProjectConfigurationPlatforms) = postSolution
		{56EC5D32-8916-410D-9D4F-79C363EF806D}.Debug|Any CPU.ActiveCfg = Debug|Any CPU
		{56EC5D32-8916-410D-9D4F-79C363EF806D}.Debug|Any CPU.Build.0 = Debug|Any CPU
		{56EC5D32-8916-410D-9D4F-79C363EF806D}.Release|Any CPU.ActiveCfg = Release|Any CPU
		{56EC5D32-8916-410D-9D4F-79C363EF806D}.Release|Any CPU.Build.0 = Release|Any CPU
	EndGlobalSection
	GlobalSection(SolutionProperties) = preSolution
		HideSolutionNode = FALSE
	EndGlobalSection
	GlobalSection(ExtensibilityGlobals) = postSolution
		SolutionGuid = {B583F7EA-1C54-454B-94BD-089CE8EC0CAE}
	EndGlobalSection
EndGlobal
